
Microsoft Visual Studio Solution File, Format Version 12.00
# Visual Studio 15
VisualStudioVersion = 15.0.28307.168
MinimumVisualStudioVersion = 10.0.40219.1
Project("{FAE04EC0-301F-11D3-BF4B-00C04F79EFBC}") = "slnProyecto", "slnProyecto\slnProyecto.csproj", "{31E1A139-9316-4208-BD78-67D873C4957B}"
EndProject
Global
	GlobalSection(SolutionConfigurationPlatforms) = preSolution
		Debug|Any CPU = Debug|Any CPU
		Release|Any CPU = Release|Any CPU
	EndGlobalSection
	GlobalSection(ProjectConfigurationPlatforms) = postSolution
		{31E1A139-9316-4208-BD78-67D873C4957B}.Debug|Any CPU.ActiveCfg = Debug|Any CPU
		{31E1A139-9316-4208-BD78-67D873C4957B}.Debug|Any CPU.Build.0 = Debug|Any CPU
		{31E1A139-9316-4208-BD78-67D873C4957B}.Release|Any CPU.ActiveCfg = Release|Any CPU
		{31E1A139-9316-4208-BD78-67D873C4957B}.Release|Any CPU.Build.0 = Release|Any CPU
	EndGlobalSection
	GlobalSection(SolutionProperties) = preSolution
		HideSolutionNode = FALSE
	EndGlobalSection
	GlobalSection(ExtensibilityGlobals) = postSolution
		SolutionGuid = {0B127C32-C136-4B9A-933F-4DC7F6BE7EE4}
	EndGlobalSection
EndGlobal
